// !$*UTF8*$!
{
	archiveVersion = 1;
	classes = {
	};
	objectVersion = 55;
	objects = {

/* Begin PBXBuildFile section */
		323F900A29747C6F008C3201 /* AppDelegate.swift in Sources */ = {isa = PBXBuildFile; fileRef = 323F900929747C6F008C3201 /* AppDelegate.swift */; };
		323F900C29747C6F008C3201 /* SceneDelegate.swift in Sources */ = {isa = PBXBuildFile; fileRef = 323F900B29747C6F008C3201 /* SceneDelegate.swift */; };
		323F900E29747C6F008C3201 /* MainViewController.swift in Sources */ = {isa = PBXBuildFile; fileRef = 323F900D29747C6F008C3201 /* MainViewController.swift */; };
		323F901329747C71008C3201 /* Assets.xcassets in Resources */ = {isa = PBXBuildFile; fileRef = 323F901229747C71008C3201 /* Assets.xcassets */; };
		323F901629747C71008C3201 /* LaunchScreen.storyboard in Resources */ = {isa = PBXBuildFile; fileRef = 323F901429747C71008C3201 /* LaunchScreen.storyboard */; };
		323F9025297482A9008C3201 /* UIFont + Extensions.swift in Sources */ = {isa = PBXBuildFile; fileRef = 323F9024297482A9008C3201 /* UIFont + Extensions.swift */; };
		323F902729748305008C3201 /* UIColor + Extensions.swift in Sources */ = {isa = PBXBuildFile; fileRef = 323F902629748305008C3201 /* UIColor + Extensions.swift */; };
		323F90292974837D008C3201 /* UIView + Extensions.swift in Sources */ = {isa = PBXBuildFile; fileRef = 323F90282974837D008C3201 /* UIView + Extensions.swift */; };
		323F902B297483BB008C3201 /* UIStackView + Extension.swift in Sources */ = {isa = PBXBuildFile; fileRef = 323F902A297483BB008C3201 /* UIStackView + Extension.swift */; };
		323F902E29748B65008C3201 /* Roboto-Medium.ttf in Resources */ = {isa = PBXBuildFile; fileRef = 323F902D29748B65008C3201 /* Roboto-Medium.ttf */; };
		323F903029748B82008C3201 /* Roboto-Bold.ttf in Resources */ = {isa = PBXBuildFile; fileRef = 323F902F29748B82008C3201 /* Roboto-Bold.ttf */; };
		32A8DC142976E344002CAD95 /* CalendarView.swift in Sources */ = {isa = PBXBuildFile; fileRef = 32A8DC132976E344002CAD95 /* CalendarView.swift */; };
		32A8DC172976FD9E002CAD95 /* CalendarCollectionViewCell.swift in Sources */ = {isa = PBXBuildFile; fileRef = 32A8DC162976FD9E002CAD95 /* CalendarCollectionViewCell.swift */; };
/* End PBXBuildFile section */

/* Begin PBXFileReference section */
		323F900629747C6F008C3201 /* NoTraning.app */ = {isa = PBXFileReference; explicitFileType = wrapper.application; includeInIndex = 0; path = NoTraning.app; sourceTree = BUILT_PRODUCTS_DIR; };
		323F900929747C6F008C3201 /* AppDelegate.swift */ = {isa = PBXFileReference; lastKnownFileType = sourcecode.swift; path = AppDelegate.swift; sourceTree = "<group>"; };
		323F900B29747C6F008C3201 /* SceneDelegate.swift */ = {isa = PBXFileReference; lastKnownFileType = sourcecode.swift; path = SceneDelegate.swift; sourceTree = "<group>"; };
		323F900D29747C6F008C3201 /* MainViewController.swift */ = {isa = PBXFileReference; lastKnownFileType = sourcecode.swift; path = MainViewController.swift; sourceTree = "<group>"; };
		323F901229747C71008C3201 /* Assets.xcassets */ = {isa = PBXFileReference; lastKnownFileType = folder.assetcatalog; path = Assets.xcassets; sourceTree = "<group>"; };
		323F901529747C71008C3201 /* Base */ = {isa = PBXFileReference; lastKnownFileType = file.storyboard; name = Base; path = Base.lproj/LaunchScreen.storyboard; sourceTree = "<group>"; };
		323F901729747C71008C3201 /* Info.plist */ = {isa = PBXFileReference; lastKnownFileType = text.plist.xml; path = Info.plist; sourceTree = "<group>"; };
		323F9024297482A9008C3201 /* UIFont + Extensions.swift */ = {isa = PBXFileReference; lastKnownFileType = sourcecode.swift; path = "UIFont + Extensions.swift"; sourceTree = "<group>"; };
		323F902629748305008C3201 /* UIColor + Extensions.swift */ = {isa = PBXFileReference; lastKnownFileType = sourcecode.swift; path = "UIColor + Extensions.swift"; sourceTree = "<group>"; };
		323F90282974837D008C3201 /* UIView + Extensions.swift */ = {isa = PBXFileReference; lastKnownFileType = sourcecode.swift; path = "UIView + Extensions.swift"; sourceTree = "<group>"; };
		323F902A297483BB008C3201 /* UIStackView + Extension.swift */ = {isa = PBXFileReference; lastKnownFileType = sourcecode.swift; path = "UIStackView + Extension.swift"; sourceTree = "<group>"; };
		323F902D29748B65008C3201 /* Roboto-Medium.ttf */ = {isa = PBXFileReference; lastKnownFileType = file; path = "Roboto-Medium.ttf"; sourceTree = "<group>"; };
		323F902F29748B82008C3201 /* Roboto-Bold.ttf */ = {isa = PBXFileReference; lastKnownFileType = file; path = "Roboto-Bold.ttf"; sourceTree = "<group>"; };
		32A8DC132976E344002CAD95 /* CalendarView.swift */ = {isa = PBXFileReference; lastKnownFileType = sourcecode.swift; path = CalendarView.swift; sourceTree = "<group>"; };
		32A8DC162976FD9E002CAD95 /* CalendarCollectionViewCell.swift */ = {isa = PBXFileReference; lastKnownFileType = sourcecode.swift; path = CalendarCollectionViewCell.swift; sourceTree = "<group>"; };
/* End PBXFileReference section */

/* Begin PBXFrameworksBuildPhase section */
		323F900329747C6F008C3201 /* Frameworks */ = {
			isa = PBXFrameworksBuildPhase;
			buildActionMask = 2147483647;
			files = (
			);
			runOnlyForDeploymentPostprocessing = 0;
		};
/* End PBXFrameworksBuildPhase section */

/* Begin PBXGroup section */
		323F8FFD29747C6F008C3201 = {
			isa = PBXGroup;
			children = (
				323F900829747C6F008C3201 /* NoTraning */,
				323F900729747C6F008C3201 /* Products */,
			);
			sourceTree = "<group>";
		};
		323F900729747C6F008C3201 /* Products */ = {
			isa = PBXGroup;
			children = (
				323F900629747C6F008C3201 /* NoTraning.app */,
			);
			name = Products;
			sourceTree = "<group>";
		};
		323F900829747C6F008C3201 /* NoTraning */ = {
			isa = PBXGroup;
			children = (
				323F901D29747F1A008C3201 /* Application */,
				323F902029747FCE008C3201 /* Views */,
				323F901E29747FA7008C3201 /* Models */,
				323F901F29747FB1008C3201 /* Controllers */,
				323F902129748007008C3201 /* Extansion */,
				323F902329748043008C3201 /* Resources */,
			);
			path = NoTraning;
			sourceTree = "<group>";
		};
		323F901D29747F1A008C3201 /* Application */ = {
			isa = PBXGroup;
			children = (
				323F900929747C6F008C3201 /* AppDelegate.swift */,
				323F900B29747C6F008C3201 /* SceneDelegate.swift */,
			);
			path = Application;
			sourceTree = "<group>";
		};
		323F901E29747FA7008C3201 /* Models */ = {
			isa = PBXGroup;
			children = (
			);
			path = Models;
			sourceTree = "<group>";
		};
		323F901F29747FB1008C3201 /* Controllers */ = {
			isa = PBXGroup;
			children = (
				323F900D29747C6F008C3201 /* MainViewController.swift */,
			);
			path = Controllers;
			sourceTree = "<group>";
		};
		323F902029747FCE008C3201 /* Views */ = {
			isa = PBXGroup;
			children = (
				32A8DC122976E303002CAD95 /* MainVC */,
			);
			path = Views;
			sourceTree = "<group>";
		};
		323F902129748007008C3201 /* Extansion */ = {
			isa = PBXGroup;
			children = (
				323F902229748029008C3201 /* UIKit */,
			);
			path = Extansion;
			sourceTree = "<group>";
		};
		323F902229748029008C3201 /* UIKit */ = {
			isa = PBXGroup;
			children = (
				323F9024297482A9008C3201 /* UIFont + Extensions.swift */,
				323F902629748305008C3201 /* UIColor + Extensions.swift */,
				323F90282974837D008C3201 /* UIView + Extensions.swift */,
				323F902A297483BB008C3201 /* UIStackView + Extension.swift */,
			);
			path = UIKit;
			sourceTree = "<group>";
		};
		323F902329748043008C3201 /* Resources */ = {
			isa = PBXGroup;
			children = (
				323F902C29748ABD008C3201 /* Fonts */,
				323F901229747C71008C3201 /* Assets.xcassets */,
				323F901429747C71008C3201 /* LaunchScreen.storyboard */,
				323F901729747C71008C3201 /* Info.plist */,
			);
			path = Resources;
			sourceTree = "<group>";
		};
		323F902C29748ABD008C3201 /* Fonts */ = {
			isa = PBXGroup;
			children = (
				323F902F29748B82008C3201 /* Roboto-Bold.ttf */,
				323F902D29748B65008C3201 /* Roboto-Medium.ttf */,
			);
			path = Fonts;
			sourceTree = "<group>";
		};
		32A8DC122976E303002CAD95 /* MainVC */ = {
			isa = PBXGroup;
			children = (
				32A8DC182976FDB0002CAD95 /* Cells */,
				32A8DC132976E344002CAD95 /* CalendarView.swift */,
			);
			path = MainVC;
			sourceTree = "<group>";
		};
		32A8DC182976FDB0002CAD95 /* Cells */ = {
			isa = PBXGroup;
			children = (
				32A8DC162976FD9E002CAD95 /* CalendarCollectionViewCell.swift */,
			);
			path = Cells;
			sourceTree = "<group>";
		};
/* End PBXGroup section */

/* Begin PBXNativeTarget section */
		323F900529747C6F008C3201 /* NoTraning */ = {
			isa = PBXNativeTarget;
			buildConfigurationList = 323F901A29747C71008C3201 /* Build configuration list for PBXNativeTarget "NoTraning" */;
			buildPhases = (
				323F900229747C6F008C3201 /* Sources */,
				323F900329747C6F008C3201 /* Frameworks */,
				323F900429747C6F008C3201 /* Resources */,
			);
			buildRules = (
			);
			dependencies = (
			);
			name = NoTraning;
			productName = NoTraning;
			productReference = 323F900629747C6F008C3201 /* NoTraning.app */;
			productType = "com.apple.product-type.application";
		};
/* End PBXNativeTarget section */

/* Begin PBXProject section */
		323F8FFE29747C6F008C3201 /* Project object */ = {
			isa = PBXProject;
			attributes = {
				BuildIndependentTargetsInParallel = 1;
				LastSwiftUpdateCheck = 1340;
				LastUpgradeCheck = 1340;
				TargetAttributes = {
					323F900529747C6F008C3201 = {
						CreatedOnToolsVersion = 13.4.1;
					};
				};
			};
			buildConfigurationList = 323F900129747C6F008C3201 /* Build configuration list for PBXProject "NoTraning" */;
			compatibilityVersion = "Xcode 13.0";
			developmentRegion = en;
			hasScannedForEncodings = 0;
			knownRegions = (
				en,
				Base,
			);
			mainGroup = 323F8FFD29747C6F008C3201;
			productRefGroup = 323F900729747C6F008C3201 /* Products */;
			projectDirPath = "";
			projectRoot = "";
			targets = (
				323F900529747C6F008C3201 /* NoTraning */,
			);
		};
/* End PBXProject section */

/* Begin PBXResourcesBuildPhase section */
		323F900429747C6F008C3201 /* Resources */ = {
			isa = PBXResourcesBuildPhase;
			buildActionMask = 2147483647;
			files = (
				323F901629747C71008C3201 /* LaunchScreen.storyboard in Resources */,
				323F901329747C71008C3201 /* Assets.xcassets in Resources */,
				323F903029748B82008C3201 /* Roboto-Bold.ttf in Resources */,
				323F902E29748B65008C3201 /* Roboto-Medium.ttf in Resources */,
			);
			runOnlyForDeploymentPostprocessing = 0;
		};
/* End PBXResourcesBuildPhase section */

/* Begin PBXSourcesBuildPhase section */
		323F900229747C6F008C3201 /* Sources */ = {
			isa = PBXSourcesBuildPhase;
			buildActionMask = 2147483647;
			files = (
				323F9025297482A9008C3201 /* UIFont + Extensions.swift in Sources */,
				323F902B297483BB008C3201 /* UIStackView + Extension.swift in Sources */,
				32A8DC142976E344002CAD95 /* CalendarView.swift in Sources */,
				323F902729748305008C3201 /* UIColor + Extensions.swift in Sources */,
				323F900E29747C6F008C3201 /* MainViewController.swift in Sources */,
				323F900A29747C6F008C3201 /* AppDelegate.swift in Sources */,
				32A8DC172976FD9E002CAD95 /* CalendarCollectionViewCell.swift in Sources */,
				323F90292974837D008C3201 /* UIView + Extensions.swift in Sources */,
				323F900C29747C6F008C3201 /* SceneDelegate.swift in Sources */,
			);
			runOnlyForDeploymentPostprocessing = 0;
		};
/* End PBXSourcesBuildPhase section */

/* Begin PBXVariantGroup section */
		323F901429747C71008C3201 /* LaunchScreen.storyboard */ = {
			isa = PBXVariantGroup;
			children = (
				323F901529747C71008C3201 /* Base */,
			);
			name = LaunchScreen.storyboard;
			sourceTree = "<group>";
		};
/* End PBXVariantGroup section */

/* Begin XCBuildConfiguration section */
		323F901829747C71008C3201 /* Debug */ = {
			isa = XCBuildConfiguration;
			buildSettings = {
				ALWAYS_SEARCH_USER_PATHS = NO;
				CLANG_ANALYZER_NONNULL = YES;
				CLANG_ANALYZER_NUMBER_OBJECT_CONVERSION = YES_AGGRESSIVE;
				CLANG_CXX_LANGUAGE_STANDARD = "gnu++17";
				CLANG_ENABLE_MODULES = YES;
				CLANG_ENABLE_OBJC_ARC = YES;
				CLANG_ENABLE_OBJC_WEAK = YES;
				CLANG_WARN_BLOCK_CAPTURE_AUTORELEASING = YES;
				CLANG_WARN_BOOL_CONVERSION = YES;
				CLANG_WARN_COMMA = YES;
				CLANG_WARN_CONSTANT_CONVERSION = YES;
				CLANG_WARN_DEPRECATED_OBJC_IMPLEMENTATIONS = YES;
				CLANG_WARN_DIRECT_OBJC_ISA_USAGE = YES_ERROR;
				CLANG_WARN_DOCUMENTATION_COMMENTS = YES;
				CLANG_WARN_EMPTY_BODY = YES;
				CLANG_WARN_ENUM_CONVERSION = YES;
				CLANG_WARN_INFINITE_RECURSION = YES;
				CLANG_WARN_INT_CONVERSION = YES;
				CLANG_WARN_NON_LITERAL_NULL_CONVERSION = YES;
				CLANG_WARN_OBJC_IMPLICIT_RETAIN_SELF = YES;
				CLANG_WARN_OBJC_LITERAL_CONVERSION = YES;
				CLANG_WARN_OBJC_ROOT_CLASS = YES_ERROR;
				CLANG_WARN_QUOTED_INCLUDE_IN_FRAMEWORK_HEADER = YES;
				CLANG_WARN_RANGE_LOOP_ANALYSIS = YES;
				CLANG_WARN_STRICT_PROTOTYPES = YES;
				CLANG_WARN_SUSPICIOUS_MOVE = YES;
				CLANG_WARN_UNGUARDED_AVAILABILITY = YES_AGGRESSIVE;
				CLANG_WARN_UNREACHABLE_CODE = YES;
				CLANG_WARN__DUPLICATE_METHOD_MATCH = YES;
				COPY_PHASE_STRIP = NO;
				DEBUG_INFORMATION_FORMAT = dwarf;
				ENABLE_STRICT_OBJC_MSGSEND = YES;
				ENABLE_TESTABILITY = YES;
				GCC_C_LANGUAGE_STANDARD = gnu11;
				GCC_DYNAMIC_NO_PIC = NO;
				GCC_NO_COMMON_BLOCKS = YES;
				GCC_OPTIMIZATION_LEVEL = 0;
				GCC_PREPROCESSOR_DEFINITIONS = (
					"DEBUG=1",
					"$(inherited)",
				);
				GCC_WARN_64_TO_32_BIT_CONVERSION = YES;
				GCC_WARN_ABOUT_RETURN_TYPE = YES_ERROR;
				GCC_WARN_UNDECLARED_SELECTOR = YES;
				GCC_WARN_UNINITIALIZED_AUTOS = YES_AGGRESSIVE;
				GCC_WARN_UNUSED_FUNCTION = YES;
				GCC_WARN_UNUSED_VARIABLE = YES;
				IPHONEOS_DEPLOYMENT_TARGET = 15.5;
				MTL_ENABLE_DEBUG_INFO = INCLUDE_SOURCE;
				MTL_FAST_MATH = YES;
				ONLY_ACTIVE_ARCH = YES;
				SDKROOT = iphoneos;
				SWIFT_ACTIVE_COMPILATION_CONDITIONS = DEBUG;
				SWIFT_OPTIMIZATION_LEVEL = "-Onone";
			};
			name = Debug;
		};
		323F901929747C71008C3201 /* Release */ = {
			isa = XCBuildConfiguration;
			buildSettings = {
				ALWAYS_SEARCH_USER_PATHS = NO;
				CLANG_ANALYZER_NONNULL = YES;
				CLANG_ANALYZER_NUMBER_OBJECT_CONVERSION = YES_AGGRESSIVE;
				CLANG_CXX_LANGUAGE_STANDARD = "gnu++17";
				CLANG_ENABLE_MODULES = YES;
				CLANG_ENABLE_OBJC_ARC = YES;
				CLANG_ENABLE_OBJC_WEAK = YES;
				CLANG_WARN_BLOCK_CAPTURE_AUTORELEASING = YES;
				CLANG_WARN_BOOL_CONVERSION = YES;
				CLANG_WARN_COMMA = YES;
				CLANG_WARN_CONSTANT_CONVERSION = YES;
				CLANG_WARN_DEPRECATED_OBJC_IMPLEMENTATIONS = YES;
				CLANG_WARN_DIRECT_OBJC_ISA_USAGE = YES_ERROR;
				CLANG_WARN_DOCUMENTATION_COMMENTS = YES;
				CLANG_WARN_EMPTY_BODY = YES;
				CLANG_WARN_ENUM_CONVERSION = YES;
				CLANG_WARN_INFINITE_RECURSION = YES;
				CLANG_WARN_INT_CONVERSION = YES;
				CLANG_WARN_NON_LITERAL_NULL_CONVERSION = YES;
				CLANG_WARN_OBJC_IMPLICIT_RETAIN_SELF = YES;
				CLANG_WARN_OBJC_LITERAL_CONVERSION = YES;
				CLANG_WARN_OBJC_ROOT_CLASS = YES_ERROR;
				CLANG_WARN_QUOTED_INCLUDE_IN_FRAMEWORK_HEADER = YES;
				CLANG_WARN_RANGE_LOOP_ANALYSIS = YES;
				CLANG_WARN_STRICT_PROTOTYPES = YES;
				CLANG_WARN_SUSPICIOUS_MOVE = YES;
				CLANG_WARN_UNGUARDED_AVAILABILITY = YES_AGGRESSIVE;
				CLANG_WARN_UNREACHABLE_CODE = YES;
				CLANG_WARN__DUPLICATE_METHOD_MATCH = YES;
				COPY_PHASE_STRIP = NO;
				DEBUG_INFORMATION_FORMAT = "dwarf-with-dsym";
				ENABLE_NS_ASSERTIONS = NO;
				ENABLE_STRICT_OBJC_MSGSEND = YES;
				GCC_C_LANGUAGE_STANDARD = gnu11;
				GCC_NO_COMMON_BLOCKS = YES;
				GCC_WARN_64_TO_32_BIT_CONVERSION = YES;
				GCC_WARN_ABOUT_RETURN_TYPE = YES_ERROR;
				GCC_WARN_UNDECLARED_SELECTOR = YES;
				GCC_WARN_UNINITIALIZED_AUTOS = YES_AGGRESSIVE;
				GCC_WARN_UNUSED_FUNCTION = YES;
				GCC_WARN_UNUSED_VARIABLE = YES;
				IPHONEOS_DEPLOYMENT_TARGET = 15.5;
				MTL_ENABLE_DEBUG_INFO = NO;
				MTL_FAST_MATH = YES;
				SDKROOT = iphoneos;
				SWIFT_COMPILATION_MODE = wholemodule;
				SWIFT_OPTIMIZATION_LEVEL = "-O";
				VALIDATE_PRODUCT = YES;
			};
			name = Release;
		};
		323F901B29747C71008C3201 /* Debug */ = {
			isa = XCBuildConfiguration;
			buildSettings = {
				ASSETCATALOG_COMPILER_APPICON_NAME = AppIcon;
				ASSETCATALOG_COMPILER_GLOBAL_ACCENT_COLOR_NAME = AccentColor;
				CODE_SIGN_STYLE = Automatic;
				CURRENT_PROJECT_VERSION = 1;
				DEVELOPMENT_TEAM = MU6RTL5NN9;
				GENERATE_INFOPLIST_FILE = YES;
				INFOPLIST_FILE = NoTraning/Resources/Info.plist;
				INFOPLIST_KEY_UIApplicationSupportsIndirectInputEvents = YES;
				INFOPLIST_KEY_UILaunchStoryboardName = LaunchScreen;
				INFOPLIST_KEY_UISupportedInterfaceOrientations = UIInterfaceOrientationPortrait;
				INFOPLIST_KEY_UISupportedInterfaceOrientations_iPad = "UIInterfaceOrientationPortrait UIInterfaceOrientationPortraitUpsideDown UIInterfaceOrientationLandscapeLeft UIInterfaceOrientationLandscapeRight";
				INFOPLIST_KEY_UISupportedInterfaceOrientations_iPhone = "UIInterfaceOrientationPortrait UIInterfaceOrientationLandscapeLeft UIInterfaceOrientationLandscapeRight";
				IPHONEOS_DEPLOYMENT_TARGET = 13.0;
				LD_RUNPATH_SEARCH_PATHS = (
					"$(inherited)",
					"@executable_path/Frameworks",
				);
				MARKETING_VERSION = 1.0;
				PRODUCT_BUNDLE_IDENTIFIER = "Sergey-Medvedev.NoTraning";
				PRODUCT_NAME = "$(TARGET_NAME)";
				SWIFT_EMIT_LOC_STRINGS = YES;
				SWIFT_VERSION = 5.0;
				TARGETED_DEVICE_FAMILY = 1;
			};
			name = Debug;
		};
		323F901C29747C71008C3201 /* Release */ = {
			isa = XCBuildConfiguration;
			buildSettings = {
				ASSETCATALOG_COMPILER_APPICON_NAME = AppIcon;
				ASSETCATALOG_COMPILER_GLOBAL_ACCENT_COLOR_NAME = AccentColor;
				CODE_SIGN_STYLE = Automatic;
				CURRENT_PROJECT_VERSION = 1;
				DEVELOPMENT_TEAM = MU6RTL5NN9;
				GENERATE_INFOPLIST_FILE = YES;
				INFOPLIST_FILE = NoTraning/Resources/Info.plist;
				INFOPLIST_KEY_UIApplicationSupportsIndirectInputEvents = YES;
				INFOPLIST_KEY_UILaunchStoryboardName = LaunchScreen;
				INFOPLIST_KEY_UISupportedInterfaceOrientations = UIInterfaceOrientationPortrait;
				INFOPLIST_KEY_UISupportedInterfaceOrientations_iPad = "UIInterfaceOrientationPortrait UIInterfaceOrientationPortraitUpsideDown UIInterfaceOrientationLandscapeLeft UIInterfaceOrientationLandscapeRight";
				INFOPLIST_KEY_UISupportedInterfaceOrientations_iPhone = "UIInterfaceOrientationPortrait UIInterfaceOrientationLandscapeLeft UIInterfaceOrientationLandscapeRight";
				IPHONEOS_DEPLOYMENT_TARGET = 13.0;
				LD_RUNPATH_SEARCH_PATHS = (
					"$(inherited)",
					"@executable_path/Frameworks",
				);
				MARKETING_VERSION = 1.0;
				PRODUCT_BUNDLE_IDENTIFIER = "Sergey-Medvedev.NoTraning";
				PRODUCT_NAME = "$(TARGET_NAME)";
				SWIFT_EMIT_LOC_STRINGS = YES;
				SWIFT_VERSION = 5.0;
				TARGETED_DEVICE_FAMILY = 1;
			};
			name = Release;
		};
/* End XCBuildConfiguration section */

/* Begin XCConfigurationList section */
		323F900129747C6F008C3201 /* Build configuration list for PBXProject "NoTraning" */ = {
			isa = XCConfigurationList;
			buildConfigurations = (
				323F901829747C71008C3201 /* Debug */,
				323F901929747C71008C3201 /* Release */,
			);
			defaultConfigurationIsVisible = 0;
			defaultConfigurationName = Release;
		};
		323F901A29747C71008C3201 /* Build configuration list for PBXNativeTarget "NoTraning" */ = {
			isa = XCConfigurationList;
			buildConfigurations = (
				323F901B29747C71008C3201 /* Debug */,
				323F901C29747C71008C3201 /* Release */,
			);
			defaultConfigurationIsVisible = 0;
			defaultConfigurationName = Release;
		};
/* End XCConfigurationList section */
	};
	rootObject = 323F8FFE29747C6F008C3201 /* Project object */;
}
